<?xml version="1.0" encoding="utf-8"?>
<Project ToolsVersion="4.0" xmlns="http://schemas.microsoft.com/developer/msbuild/2003">
  <ItemGroup>
    <Filter Include="Source Files">
      <UniqueIdentifier>{4FC737F1-C7A5-4376-A066-2A32D752A2FF}</UniqueIdentifier>
      <Extensions>cpp;c;cc;cxx;c++;cppm;ixx;def;odl;idl;hpj;bat;asm;asmx</Extensions>
    </Filter>
    <Filter Include="Header Files">
      <UniqueIdentifier>{93995380-89BD-4b04-88EB-625FBE52EBFB}</UniqueIdentifier>
      <Extensions>h;hh;hpp;hxx;h++;hm;inl;inc;ipp;xsd</Extensions>
    </Filter>
    <Filter Include="Resource Files">
      <UniqueIdentifier>{67DA6AB6-F800-4c08-8B7A-83BB121AAD01}</UniqueIdentifier>
      <Extensions>rc;ico;cur;bmp;dlg;rc2;rct;bin;rgs;gif;jpg;jpeg;jpe;resx;tiff;tif;png;wav;mfcribbon-ms</Extensions>
    </Filter>
    <Filter Include="Header Files\Entity">
      <UniqueIdentifier>{9e051359-140f-45f5-a2ee-950c12f6e88f}</UniqueIdentifier>
    </Filter>
    <Filter Include="Source Files\Entity">
      <UniqueIdentifier>{b806de35-19f2-4de4-b9cc-8e2516aafde7}</UniqueIdentifier>
    </Filter>
    <Filter Include="Header Files\Map">
      <UniqueIdentifier>{2bb2b23e-b80a-4ae1-be80-761c52ff2dfe}</UniqueIdentifier>
    </Filter>
    <Filter Include="Source Files\Map">
      <UniqueIdentifier>{a85f1231-f85a-4dfb-9158-dffe3a68a98c}</UniqueIdentifier>
    </Filter>
    <Filter Include="Header Files\Entity\State">
      <UniqueIdentifier>{192f672c-1302-40e8-b371-e761654ba8b8}</UniqueIdentifier>
    </Filter>
    <Filter Include="Source Files\Entity\State">
      <UniqueIdentifier>{68a61819-5ecf-483b-b0eb-0fb51c4ea612}</UniqueIdentifier>
    </Filter>
    <Filter Include="Header Files\Entity\Character">
      <UniqueIdentifier>{8e5481c6-ca00-4bac-be65-9d8cd17a498d}</UniqueIdentifier>
    </Filter>
    <Filter Include="Header Files\Entity\Enemy">
      <UniqueIdentifier>{53b11a1a-2735-47f4-8200-66e8b5e3e5b6}</UniqueIdentifier>
    </Filter>
    <Filter Include="Source Files\Entity\Character">
      <UniqueIdentifier>{96501f96-4d72-4247-8d6f-d2c9327d19d2}</UniqueIdentifier>
    </Filter>
    <Filter Include="Source Files\Entity\Enemy">
      <UniqueIdentifier>{9f997e70-3bfb-4ebd-a94a-1bcd1c71af93}</UniqueIdentifier>
    </Filter>
    <Filter Include="Header Files\Entity\Item">
      <UniqueIdentifier>{ebba0731-9269-46ef-a141-ec6f178e0506}</UniqueIdentifier>
    </Filter>
    <Filter Include="Source Files\Entity\Item">
      <UniqueIdentifier>{5b3bef0b-79eb-474e-8599-84e65fa34451}</UniqueIdentifier>
    </Filter>
    <Filter Include="Header Files\Manager">
      <UniqueIdentifier>{75c2193a-8795-4196-af8a-8e148eb4f1c9}</UniqueIdentifier>
    </Filter>
    <Filter Include="Source Files\Manager">
      <UniqueIdentifier>{b745ced1-3a99-4dee-b13c-14181ceabbe6}</UniqueIdentifier>
    </Filter>
  </ItemGroup>
  <ItemGroup>
    <ClInclude Include="..\include\Entity.h">
      <Filter>Header Files\Entity</Filter>
    </ClInclude>
    <ClInclude Include="..\include\Map.h">
      <Filter>Header Files\Map</Filter>
    </ClInclude>
    <ClInclude Include="..\include\Hitbox.h">
      <Filter>Header Files\Map</Filter>
    </ClInclude>
    <ClInclude Include="..\include\Sprite.h">
      <Filter>Header Files\Entity</Filter>
    </ClInclude>
    <ClInclude Include="..\include\Animation.h">
      <Filter>Header Files\Entity</Filter>
    </ClInclude>
    <ClInclude Include="..\include\Collision.h">
      <Filter>Header Files</Filter>
    </ClInclude>
    <ClInclude Include="..\include\Block.h">
      <Filter>Header Files\Map</Filter>
    </ClInclude>
    <ClInclude Include="..\include\NormalState.h">
      <Filter>Header Files\Entity\State</Filter>
    </ClInclude>
    <ClInclude Include="..\include\SuperState.h">
      <Filter>Header Files\Entity\State</Filter>
    </ClInclude>
    <ClInclude Include="..\include\FireState.h">
      <Filter>Header Files\Entity\State</Filter>
    </ClInclude>
    <ClInclude Include="..\include\StarState.h">
      <Filter>Header Files\Entity\State</Filter>
    </ClInclude>
    <ClInclude Include="..\include\CharacterState.h">
      <Filter>Header Files\Entity\State</Filter>
    </ClInclude>
    <ClInclude Include="..\include\Character.h">
      <Filter>Header Files\Entity\Character</Filter>
    </ClInclude>
    <ClInclude Include="..\include\Mario.h">
      <Filter>Header Files\Entity\Character</Filter>
    </ClInclude>
    <ClInclude Include="..\include\Luigi.h">
      <Filter>Header Files\Entity\Character</Filter>
    </ClInclude>
    <ClInclude Include="..\include\Enemy.h">
      <Filter>Header Files\Entity\Enemy</Filter>
    </ClInclude>
    <ClInclude Include="..\include\GoomBa.h">
      <Filter>Header Files\Entity\Enemy</Filter>
    </ClInclude>
    <ClInclude Include="..\include\KoopaTroopa.h">
      <Filter>Header Files\Entity\Enemy</Filter>
    </ClInclude>
    <ClInclude Include="..\include\Plant.h">
      <Filter>Header Files\Entity\Enemy</Filter>
    </ClInclude>
    <ClInclude Include="..\include\GameEngine.h">
      <Filter>Header Files</Filter>
    </ClInclude>
    <ClInclude Include="..\include\Coin.h">
      <Filter>Header Files\Entity\Item</Filter>
    </ClInclude>
    <ClInclude Include="..\include\Mushroom.h">
      <Filter>Header Files\Entity\Item</Filter>
    </ClInclude>
    <ClInclude Include="..\include\Item.h">
      <Filter>Header Files\Entity\Item</Filter>
    </ClInclude>
    <ClInclude Include="..\include\SuperLeaf.h">
      <Filter>Header Files\Entity\Item</Filter>
    </ClInclude>
    <ClInclude Include="..\include\FPSManager.h">
      <Filter>Header Files\Manager</Filter>
    </ClInclude>
    <ClInclude Include="..\include\ResourceManager.h">
      <Filter>Header Files\Manager</Filter>
    </ClInclude>
    <ClInclude Include="..\include\Settings.h">
      <Filter>Header Files\Manager</Filter>
    </ClInclude>
    <ClInclude Include="..\include\InputManager.h">
      <Filter>Header Files\Manager</Filter>
    </ClInclude>
    <ClInclude Include="..\include\Singleton.h">
      <Filter>Header Files\Manager</Filter>
    </ClInclude>
    <ClInclude Include="..\include\FileHandle.h">
      <Filter>Header Files\Manager</Filter>
    </ClInclude>
    <ClInclude Include="..\include\Global.h">
      <Filter>Header Files</Filter>
    </ClInclude>
    <ClInclude Include="..\include\Menu.h">
      <Filter>Header Files</Filter>
    </ClInclude>
    <ClInclude Include="..\include\BlockFactory.h">
      <Filter>Header Files</Filter>
    </ClInclude>
  </ItemGroup>
  <ItemGroup>
    <ClCompile Include="..\src\Main.cpp">
      <Filter>Source Files</Filter>
    </ClCompile>
    <ClCompile Include="..\src\GameEngine.cpp">
      <Filter>Source Files</Filter>
    </ClCompile>
    <ClCompile Include="..\src\Entity.cpp">
      <Filter>Source Files\Entity</Filter>
    </ClCompile>
    <ClCompile Include="..\src\Map.cpp">
      <Filter>Source Files\Map</Filter>
    </ClCompile>
    <ClCompile Include="..\src\Animation.cpp">
      <Filter>Source Files\Entity</Filter>
    </ClCompile>
    <ClCompile Include="..\src\Sprite.cpp">
      <Filter>Source Files\Entity</Filter>
    </ClCompile>
    <ClCompile Include="..\src\Collision.cpp">
      <Filter>Source Files</Filter>
    </ClCompile>
    <ClCompile Include="..\src\NormalState.cpp">
      <Filter>Source Files\Entity\State</Filter>
    </ClCompile>
    <ClCompile Include="..\src\SuperState.cpp">
      <Filter>Source Files\Entity\State</Filter>
    </ClCompile>
    <ClCompile Include="..\src\FireState.cpp">
      <Filter>Source Files\Entity\State</Filter>
    </ClCompile>
    <ClCompile Include="..\src\StarState.cpp">
      <Filter>Source Files\Entity\State</Filter>
    </ClCompile>
    <ClCompile Include="..\src\GoomBa.cpp">
      <Filter>Source Files\Entity\Enemy</Filter>
    </ClCompile>
    <ClCompile Include="..\src\Luigi.cpp">
      <Filter>Source Files\Entity\Character</Filter>
    </ClCompile>
    <ClCompile Include="..\src\KoopaTroopa.cpp">
      <Filter>Source Files\Entity\Enemy</Filter>
    </ClCompile>
    <ClCompile Include="..\src\Plant.cpp">
      <Filter>Source Files\Entity\Enemy</Filter>
    </ClCompile>
    <ClCompile Include="..\src\Character.cpp">
      <Filter>Source Files\Entity\Character</Filter>
    </ClCompile>
    <ClCompile Include="..\src\Enemy.cpp">
      <Filter>Source Files\Entity\Enemy</Filter>
    </ClCompile>
    <ClCompile Include="..\src\Coin.cpp">
      <Filter>Source Files\Entity\Item</Filter>
    </ClCompile>
    <ClCompile Include="..\src\Mushroom.cpp">
      <Filter>Source Files\Entity\Item</Filter>
    </ClCompile>
    <ClCompile Include="..\src\Item.cpp">
      <Filter>Source Files\Entity\Item</Filter>
    </ClCompile>
    <ClCompile Include="..\src\Block.cpp">
      <Filter>Source Files\Map</Filter>
    </ClCompile>
    <ClCompile Include="..\src\Hitbox.cpp">
      <Filter>Source Files\Map</Filter>
    </ClCompile>
    <ClCompile Include="..\include\Background.h">
      <Filter>Header Files</Filter>
    </ClCompile>
    <ClCompile Include="..\src\Background.cpp">
      <Filter>Source Files</Filter>
    </ClCompile>
    <ClCompile Include="..\src\Mario.cpp">
      <Filter>Source Files\Entity\Character</Filter>
    </ClCompile>
    <ClCompile Include="..\src\SuperLeaf.cpp">
      <Filter>Source Files\Entity\Item</Filter>
    </ClCompile>
    <ClCompile Include="..\src\ResourceManager.cpp">
      <Filter>Source Files\Manager</Filter>
    </ClCompile>
    <ClCompile Include="..\src\FPSManager.cpp">
      <Filter>Source Files\Manager</Filter>
    </ClCompile>
    <ClCompile Include="..\src\Settings.cpp">
      <Filter>Source Files\Manager</Filter>
    </ClCompile>
    <ClCompile Include="..\src\InputManager.cpp">
      <Filter>Source Files\Manager</Filter>
    </ClCompile>
    <ClCompile Include="..\src\FileHandle.cpp">
      <Filter>Source Files\Manager</Filter>
    </ClCompile>
    <ClCompile Include="..\src\Global.cpp">
      <Filter>Source Files</Filter>
    </ClCompile>
    <ClCompile Include="..\src\Menu.cpp">
      <Filter>Source Files</Filter>
    </ClCompile>
  </ItemGroup>
</Project>